{
  "version": 4,
  "terraform_version": "1.6.4",
  "serial": 10,
  "lineage": "f0db1476-130f-b7da-f4a6-9b65fe2cf739",
  "outputs": {},
  "resources": [
    {
      "mode": "managed",
      "type": "local_file",
      "name": "primeiro",
      "provider": "provider[\"registry.terraform.io/hashicorp/local\"]",
      "instances": [
        {
          "index_key": 0,
          "schema_version": 0,
          "attributes": {
            "content": "Esse é o arquivo 0",
            "content_base64": null,
            "content_base64sha256": "wXMs9x7rZQ3cKHv8MoroNMN7Ux/mJeh7uRCukfjyP2Q=",
            "content_base64sha512": "DcLb3f+Hv7ihUXum+DshK3anbUg4pGCGe5Y1ntkOuN2oocqqsbigXe2Yt1vRT0eDzOI3xNIWZYUtjXiPZUCGnw==",
            "content_md5": "fa9a3602f3341afef976d3e72e03c32e",
            "content_sha1": "a5ba5373d28e8115e6d92631b87b71d73131e858",
            "content_sha256": "c1732cf71eeb650ddc287bfc328ae834c37b531fe625e87bb910ae91f8f23f64",
            "content_sha512": "0dc2dbddff87bfb8a1517ba6f83b212b76a76d4838a460867b96359ed90eb8dda8a1caaab1b8a05ded98b75bd14f4783cce237c4d21665852d8d788f6540869f",
            "directory_permission": "0777",
            "file_permission": "0777",
            "filename": "./arquivo_0",
            "id": "a5ba5373d28e8115e6d92631b87b71d73131e858",
            "sensitive_content": null,
            "source": null
          },
          "sensitive_attributes": []
        },
        {
          "index_key": 1,
          "schema_version": 0,
          "attributes": {
            "content": "Esse é o arquivo 1",
            "content_base64": null,
            "content_base64sha256": "JGj72dELxMyKm74L32ze0kOGDCNZHOTk8em9hbS6hFI=",
            "content_base64sha512": "cox4urUzltu/m+zSPRqsTumMKxXuDY3fCQa6ePQUK9xSrYbf7l19DqZaQnKmHeZMG33N2+Y0Pe33hBJedIbApg==",
            "content_md5": "cddd38984a6470f34a49bc24cc2c129e",
            "content_sha1": "21bfc8c532159345bcf5a8a424c30ffae31137c9",
            "content_sha256": "2468fbd9d10bc4cc8a9bbe0bdf6cded243860c23591ce4e4f1e9bd85b4ba8452",
            "content_sha512": "728c78bab53396dbbf9becd23d1aac4ee98c2b15ee0d8ddf0906ba78f4142bdc52ad86dfee5d7d0ea65a4272a61de64c1b7dcddbe6343dedf784125e7486c0a6",
            "directory_permission": "0777",
            "file_permission": "0777",
            "filename": "./arquivo_1",
            "id": "21bfc8c532159345bcf5a8a424c30ffae31137c9",
            "sensitive_content": null,
            "source": null
          },
          "sensitive_attributes": []
        },
        {
          "index_key": 2,
          "schema_version": 0,
          "attributes": {
            "content": "Esse é o arquivo 2",
            "content_base64": null,
            "content_base64sha256": "4A6ZdIfpqK6rWwU459uOVTMGzzbGG7uIxx4jGe0zXag=",
            "content_base64sha512": "FGdPWYZIPAKAQNjlr9kN9ccbxiet6U1EKzmiPYkoqDF6lDOSIJ+Gpf3edjjM5L1Rgpzgkeebpb4iP/U25vy2Ew==",
            "content_md5": "7311b1b4a34c67deb02561e3c7e862cc",
            "content_sha1": "b2223c5dc5492fb3daeffb25662cd8e88e4e7cb9",
            "content_sha256": "e00e997487e9a8aeab5b0538e7db8e553306cf36c61bbb88c71e2319ed335da8",
            "content_sha512": "14674f5986483c028040d8e5afd90df5c71bc627ade94d442b39a23d8928a8317a943392209f86a5fdde7638cce4bd51829ce091e79ba5be223ff536e6fcb613",
            "directory_permission": "0777",
            "file_permission": "0777",
            "filename": "./arquivo_2",
            "id": "b2223c5dc5492fb3daeffb25662cd8e88e4e7cb9",
            "sensitive_content": null,
            "source": null
          },
          "sensitive_attributes": []
        },
        {
          "index_key": 3,
          "schema_version": 0,
          "attributes": {
            "content": "Esse é o arquivo 3",
            "content_base64": null,
            "content_base64sha256": "av3o3E2h0qlZ/50j57tFjWWblP+OFoewpSr6G+pVGjo=",
            "content_base64sha512": "RKqVd/ld4IdVtuG4Z9VsqOFfszEHU31A0QcCXVMrcOc+CVS6fM1vY8ygoKbJwnmRKMBuWCKX1AvBO2atUH1qZw==",
            "content_md5": "b67b103c2966b91dc550859c510f5b84",
            "content_sha1": "4a336fd89eeb228bb05297eee092680fe5969433",
            "content_sha256": "6afde8dc4da1d2a959ff9d23e7bb458d659b94ff8e1687b0a52afa1bea551a3a",
            "content_sha512": "44aa9577f95de08755b6e1b867d56ca8e15fb33107537d40d107025d532b70e73e0954ba7ccd6f63cca0a0a6c9c2799128c06e582297d40bc13b66ad507d6a67",
            "directory_permission": "0777",
            "file_permission": "0777",
            "filename": "./arquivo_3",
            "id": "4a336fd89eeb228bb05297eee092680fe5969433",
            "sensitive_content": null,
            "source": null
          },
          "sensitive_attributes": []
        }
      ]
    }
  ],
  "check_results": null
}
