{
  "version": 4,
  "terraform_version": "1.6.4",
  "serial": 4,
  "lineage": "f0db1476-130f-b7da-f4a6-9b65fe2cf739",
  "outputs": {},
  "resources": [
    {
      "mode": "managed",
      "type": "local_file",
      "name": "primeiro",
      "provider": "provider[\"registry.terraform.io/hashicorp/local\"]",
      "instances": [
        {
          "schema_version": 0,
          "attributes": {
            "content": "primeiro",
            "content_base64": null,
            "content_base64sha256": "Y0DsX+DTTBAdd/RcF8tiFGfED6xtsxyeSpi3XGXFFXg=",
            "content_base64sha512": "JCYK1pZW5fnMSIYennpG7f+5CmhzdanwKgFCoy57xrX4rvbnYT42wZkuC2+L2+9hOkLB5zXZT+ubc8UGX6k5Jg==",
            "content_md5": "0d63db9dc923a3f0cd90d4ec3df80d0e",
            "content_sha1": "26d0c6038bd1d481cc595ec4038adebb93387fc7",
            "content_sha256": "6340ec5fe0d34c101d77f45c17cb621467c40fac6db31c9e4a98b75c65c51578",
            "content_sha512": "24260ad69656e5f9cc48861e9e7a46edffb90a687375a9f02a0142a32e7bc6b5f8aef6e7613e36c1992e0b6f8bdbef613a42c1e735d94feb9b73c5065fa93926",
            "directory_permission": "0777",
            "file_permission": "0777",
            "filename": "./primeiro.txt",
            "id": "26d0c6038bd1d481cc595ec4038adebb93387fc7",
            "sensitive_content": null,
            "source": null
          },
          "sensitive_attributes": []
        }
      ]
    }
  ],
  "check_results": null
}
