{
  "version": 4,
  "terraform_version": "1.6.4",
  "serial": 17,
  "lineage": "f0db1476-130f-b7da-f4a6-9b65fe2cf739",
  "outputs": {},
  "resources": [
    {
      "mode": "managed",
      "type": "local_file",
      "name": "count_map",
      "provider": "provider[\"registry.terraform.io/hashicorp/local\"]",
      "instances": [
        {
          "index_key": "arquivo_1",
          "schema_version": 0,
          "attributes": {
            "content": "primeiro arquivo",
            "content_base64": null,
            "content_base64sha256": "wzvcSprrwvDKt3PiA7UN/xQ7QxiyZDjVwME+aZkIKls=",
            "content_base64sha512": "Y88/LeF8vnTlqOnp7lnp/L8pQe24Sz4COdFzqIqAwEgtQn4rOdAjWRpV5+D7hYHjT3a8ngFDu4zQ3xZYff3Rgg==",
            "content_md5": "5b7d8a3d635cbb99b1dff23e80f4182a",
            "content_sha1": "7be2047814d99aa238a116e5efb2295cea6ea7aa",
            "content_sha256": "c33bdc4a9aebc2f0cab773e203b50dff143b4318b26438d5c0c13e6999082a5b",
            "content_sha512": "63cf3f2de17cbe74e5a8e9e9ee59e9fcbf2941edb84b3e0239d173a88a80c0482d427e2b39d023591a55e7e0fb8581e34f76bc9e0143bb8cd0df16587dfdd182",
            "directory_permission": "0777",
            "file_permission": "0777",
            "filename": "arquivo_1",
            "id": "7be2047814d99aa238a116e5efb2295cea6ea7aa",
            "sensitive_content": null,
            "source": null
          },
          "sensitive_attributes": []
        },
        {
          "index_key": "arquivo_2",
          "schema_version": 0,
          "attributes": {
            "content": "Esse é o conteudo do\r\nsegundo arquivo \r\n",
            "content_base64": null,
            "content_base64sha256": "k+YQAG1+YirKHSvbfFDwnDsK4X4F9jobBdS6KeMRpuc=",
            "content_base64sha512": "FQIkSuFMUFKEXwxFVdbv5nroQcVfvAJ7tiqpPcOCOwRUiVF4R2CNc5Vm+f3EaiOIuSib+1k5SLT76/N4UnGJHg==",
            "content_md5": "eb3935b05a91aefda9c917334fa9d7f4",
            "content_sha1": "4cd3e41d26360faa16067b37b5d4c41734fe20be",
            "content_sha256": "93e610006d7e622aca1d2bdb7c50f09c3b0ae17e05f63a1b05d4ba29e311a6e7",
            "content_sha512": "1502244ae14c5052845f0c4555d6efe67ae841c55fbc027bb62aa93dc3823b045489517847608d739566f9fdc46a2388b9289bfb593948b4fbebf3785271891e",
            "directory_permission": "0777",
            "file_permission": "0777",
            "filename": "arquivo_2",
            "id": "4cd3e41d26360faa16067b37b5d4c41734fe20be",
            "sensitive_content": null,
            "source": null
          },
          "sensitive_attributes": []
        }
      ]
    }
  ],
  "check_results": null
}
